// !$*UTF8*$!
{
	archiveVersion = 1;
	classes = {
	};
	objectVersion = 46;
	objects = {

/* Begin PBXBuildFile section */
		7B6E9F3A1B373D6800BC04DE /* main.m in Sources */ = {isa = PBXBuildFile; fileRef = 7B6E9F391B373D6800BC04DE /* main.m */; };
		7B6E9F3D1B373D6800BC04DE /* AppDelegate.m in Sources */ = {isa = PBXBuildFile; fileRef = 7B6E9F3C1B373D6800BC04DE /* AppDelegate.m */; };
		7B6E9F401B373D6800BC04DE /* RootViewController.m in Sources */ = {isa = PBXBuildFile; fileRef = 7B6E9F3F1B373D6800BC04DE /* RootViewController.m */; };
		7B6E9F431B373D6800BC04DE /* DataViewController.m in Sources */ = {isa = PBXBuildFile; fileRef = 7B6E9F421B373D6800BC04DE /* DataViewController.m */; };
		7B6E9F461B373D6800BC04DE /* ModelController.m in Sources */ = {isa = PBXBuildFile; fileRef = 7B6E9F451B373D6800BC04DE /* ModelController.m */; };
		7B6E9F491B373D6800BC04DE /* Main.storyboard in Resources */ = {isa = PBXBuildFile; fileRef = 7B6E9F471B373D6800BC04DE /* Main.storyboard */; };
		7B6E9F4B1B373D6800BC04DE /* Images.xcassets in Resources */ = {isa = PBXBuildFile; fileRef = 7B6E9F4A1B373D6800BC04DE /* Images.xcassets */; };
		7B6E9F4E1B373D6800BC04DE /* LaunchScreen.xib in Resources */ = {isa = PBXBuildFile; fileRef = 7B6E9F4C1B373D6800BC04DE /* LaunchScreen.xib */; };
		7B6E9F5A1B373D6800BC04DE /* MultiplePageTestProgramTests.m in Sources */ = {isa = PBXBuildFile; fileRef = 7B6E9F591B373D6800BC04DE /* MultiplePageTestProgramTests.m */; };
/* End PBXBuildFile section */

/* Begin PBXContainerItemProxy section */
		7B6E9F541B373D6800BC04DE /* PBXContainerItemProxy */ = {
			isa = PBXContainerItemProxy;
			containerPortal = 7B6E9F2C1B373D6800BC04DE /* Project object */;
			proxyType = 1;
			remoteGlobalIDString = 7B6E9F331B373D6800BC04DE;
			remoteInfo = MultiplePageTestProgram;
		};
/* End PBXContainerItemProxy section */

/* Begin PBXFileReference section */
		7B6E9F341B373D6800BC04DE /* MultiplePageTestProgram.app */ = {isa = PBXFileReference; explicitFileType = wrapper.application; includeInIndex = 0; path = MultiplePageTestProgram.app; sourceTree = BUILT_PRODUCTS_DIR; };
		7B6E9F381B373D6800BC04DE /* Info.plist */ = {isa = PBXFileReference; lastKnownFileType = text.plist.xml; path = Info.plist; sourceTree = "<group>"; };
		7B6E9F391B373D6800BC04DE /* main.m */ = {isa = PBXFileReference; lastKnownFileType = sourcecode.c.objc; path = main.m; sourceTree = "<group>"; };
		7B6E9F3B1B373D6800BC04DE /* AppDelegate.h */ = {isa = PBXFileReference; lastKnownFileType = sourcecode.c.h; path = AppDelegate.h; sourceTree = "<group>"; };
		7B6E9F3C1B373D6800BC04DE /* AppDelegate.m */ = {isa = PBXFileReference; lastKnownFileType = sourcecode.c.objc; path = AppDelegate.m; sourceTree = "<group>"; };
		7B6E9F3E1B373D6800BC04DE /* RootViewController.h */ = {isa = PBXFileReference; lastKnownFileType = sourcecode.c.h; path = RootViewController.h; sourceTree = "<group>"; };
		7B6E9F3F1B373D6800BC04DE /* RootViewController.m */ = {isa = PBXFileReference; lastKnownFileType = sourcecode.c.objc; path = RootViewController.m; sourceTree = "<group>"; };
		7B6E9F411B373D6800BC04DE /* DataViewController.h */ = {isa = PBXFileReference; lastKnownFileType = sourcecode.c.h; path = DataViewController.h; sourceTree = "<group>"; };
		7B6E9F421B373D6800BC04DE /* DataViewController.m */ = {isa = PBXFileReference; lastKnownFileType = sourcecode.c.objc; path = DataViewController.m; sourceTree = "<group>"; };
		7B6E9F441B373D6800BC04DE /* ModelController.h */ = {isa = PBXFileReference; lastKnownFileType = sourcecode.c.h; path = ModelController.h; sourceTree = "<group>"; };
		7B6E9F451B373D6800BC04DE /* ModelController.m */ = {isa = PBXFileReference; lastKnownFileType = sourcecode.c.objc; path = ModelController.m; sourceTree = "<group>"; };
		7B6E9F481B373D6800BC04DE /* Base */ = {isa = PBXFileReference; lastKnownFileType = file.storyboard; name = Base; path = Base.lproj/Main.storyboard; sourceTree = "<group>"; };
		7B6E9F4A1B373D6800BC04DE /* Images.xcassets */ = {isa = PBXFileReference; lastKnownFileType = folder.assetcatalog; path = Images.xcassets; sourceTree = "<group>"; };
		7B6E9F4D1B373D6800BC04DE /* Base */ = {isa = PBXFileReference; lastKnownFileType = file.xib; name = Base; path = Base.lproj/LaunchScreen.xib; sourceTree = "<group>"; };
		7B6E9F531B373D6800BC04DE /* MultiplePageTestProgramTests.xctest */ = {isa = PBXFileReference; explicitFileType = wrapper.cfbundle; includeInIndex = 0; path = MultiplePageTestProgramTests.xctest; sourceTree = BUILT_PRODUCTS_DIR; };
		7B6E9F581B373D6800BC04DE /* Info.plist */ = {isa = PBXFileReference; lastKnownFileType = text.plist.xml; path = Info.plist; sourceTree = "<group>"; };
		7B6E9F591B373D6800BC04DE /* MultiplePageTestProgramTests.m */ = {isa = PBXFileReference; lastKnownFileType = sourcecode.c.objc; path = MultiplePageTestProgramTests.m; sourceTree = "<group>"; };
/* End PBXFileReference section */

/* Begin PBXFrameworksBuildPhase section */
		7B6E9F311B373D6800BC04DE /* Frameworks */ = {
			isa = PBXFrameworksBuildPhase;
			buildActionMask = 2147483647;
			files = (
			);
			runOnlyForDeploymentPostprocessing = 0;
		};
		7B6E9F501B373D6800BC04DE /* Frameworks */ = {
			isa = PBXFrameworksBuildPhase;
			buildActionMask = 2147483647;
			files = (
			);
			runOnlyForDeploymentPostprocessing = 0;
		};
/* End PBXFrameworksBuildPhase section */

/* Begin PBXGroup section */
		7B6E9F2B1B373D6800BC04DE = {
			isa = PBXGroup;
			children = (
				7B6E9F361B373D6800BC04DE /* MultiplePageTestProgram */,
				7B6E9F561B373D6800BC04DE /* MultiplePageTestProgramTests */,
				7B6E9F351B373D6800BC04DE /* Products */,
			);
			sourceTree = "<group>";
		};
		7B6E9F351B373D6800BC04DE /* Products */ = {
			isa = PBXGroup;
			children = (
				7B6E9F341B373D6800BC04DE /* MultiplePageTestProgram.app */,
				7B6E9F531B373D6800BC04DE /* MultiplePageTestProgramTests.xctest */,
			);
			name = Products;
			sourceTree = "<group>";
		};
		7B6E9F361B373D6800BC04DE /* MultiplePageTestProgram */ = {
			isa = PBXGroup;
			children = (
				7B6E9F3B1B373D6800BC04DE /* AppDelegate.h */,
				7B6E9F3C1B373D6800BC04DE /* AppDelegate.m */,
				7B6E9F3E1B373D6800BC04DE /* RootViewController.h */,
				7B6E9F3F1B373D6800BC04DE /* RootViewController.m */,
				7B6E9F411B373D6800BC04DE /* DataViewController.h */,
				7B6E9F421B373D6800BC04DE /* DataViewController.m */,
				7B6E9F441B373D6800BC04DE /* ModelController.h */,
				7B6E9F451B373D6800BC04DE /* ModelController.m */,
				7B6E9F471B373D6800BC04DE /* Main.storyboard */,
				7B6E9F4A1B373D6800BC04DE /* Images.xcassets */,
				7B6E9F4C1B373D6800BC04DE /* LaunchScreen.xib */,
				7B6E9F371B373D6800BC04DE /* Supporting Files */,
			);
			path = MultiplePageTestProgram;
			sourceTree = "<group>";
		};
		7B6E9F371B373D6800BC04DE /* Supporting Files */ = {
			isa = PBXGroup;
			children = (
				7B6E9F381B373D6800BC04DE /* Info.plist */,
				7B6E9F391B373D6800BC04DE /* main.m */,
			);
			name = "Supporting Files";
			sourceTree = "<group>";
		};
		7B6E9F561B373D6800BC04DE /* MultiplePageTestProgramTests */ = {
			isa = PBXGroup;
			children = (
				7B6E9F591B373D6800BC04DE /* MultiplePageTestProgramTests.m */,
				7B6E9F571B373D6800BC04DE /* Supporting Files */,
			);
			path = MultiplePageTestProgramTests;
			sourceTree = "<group>";
		};
		7B6E9F571B373D6800BC04DE /* Supporting Files */ = {
			isa = PBXGroup;
			children = (
				7B6E9F581B373D6800BC04DE /* Info.plist */,
			);
			name = "Supporting Files";
			sourceTree = "<group>";
		};
/* End PBXGroup section */

/* Begin PBXNativeTarget section */
		7B6E9F331B373D6800BC04DE /* MultiplePageTestProgram */ = {
			isa = PBXNativeTarget;
			buildConfigurationList = 7B6E9F5D1B373D6800BC04DE /* Build configuration list for PBXNativeTarget "MultiplePageTestProgram" */;
			buildPhases = (
				7B6E9F301B373D6800BC04DE /* Sources */,
				7B6E9F311B373D6800BC04DE /* Frameworks */,
				7B6E9F321B373D6800BC04DE /* Resources */,
			);
			buildRules = (
			);
			dependencies = (
			);
			name = MultiplePageTestProgram;
			productName = MultiplePageTestProgram;
			productReference = 7B6E9F341B373D6800BC04DE /* MultiplePageTestProgram.app */;
			productType = "com.apple.product-type.application";
		};
		7B6E9F521B373D6800BC04DE /* MultiplePageTestProgramTests */ = {
			isa = PBXNativeTarget;
			buildConfigurationList = 7B6E9F601B373D6800BC04DE /* Build configuration list for PBXNativeTarget "MultiplePageTestProgramTests" */;
			buildPhases = (
				7B6E9F4F1B373D6800BC04DE /* Sources */,
				7B6E9F501B373D6800BC04DE /* Frameworks */,
				7B6E9F511B373D6800BC04DE /* Resources */,
			);
			buildRules = (
			);
			dependencies = (
				7B6E9F551B373D6800BC04DE /* PBXTargetDependency */,
			);
			name = MultiplePageTestProgramTests;
			productName = MultiplePageTestProgramTests;
			productReference = 7B6E9F531B373D6800BC04DE /* MultiplePageTestProgramTests.xctest */;
			productType = "com.apple.product-type.bundle.unit-test";
		};
/* End PBXNativeTarget section */

/* Begin PBXProject section */
		7B6E9F2C1B373D6800BC04DE /* Project object */ = {
			isa = PBXProject;
			attributes = {
				LastUpgradeCheck = 0630;
				TargetAttributes = {
					7B6E9F331B373D6800BC04DE = {
						CreatedOnToolsVersion = 6.3.2;
					};
					7B6E9F521B373D6800BC04DE = {
						CreatedOnToolsVersion = 6.3.2;
						TestTargetID = 7B6E9F331B373D6800BC04DE;
					};
				};
			};
			buildConfigurationList = 7B6E9F2F1B373D6800BC04DE /* Build configuration list for PBXProject "MultiplePageTestProgram" */;
			compatibilityVersion = "Xcode 3.2";
			developmentRegion = English;
			hasScannedForEncodings = 0;
			knownRegions = (
				en,
				Base,
			);
			mainGroup = 7B6E9F2B1B373D6800BC04DE;
			productRefGroup = 7B6E9F351B373D6800BC04DE /* Products */;
			projectDirPath = "";
			projectRoot = "";
			targets = (
				7B6E9F331B373D6800BC04DE /* MultiplePageTestProgram */,
				7B6E9F521B373D6800BC04DE /* MultiplePageTestProgramTests */,
			);
		};
/* End PBXProject section */

/* Begin PBXResourcesBuildPhase section */
		7B6E9F321B373D6800BC04DE /* Resources */ = {
			isa = PBXResourcesBuildPhase;
			buildActionMask = 2147483647;
			files = (
				7B6E9F491B373D6800BC04DE /* Main.storyboard in Resources */,
				7B6E9F4E1B373D6800BC04DE /* LaunchScreen.xib in Resources */,
				7B6E9F4B1B373D6800BC04DE /* Images.xcassets in Resources */,
			);
			runOnlyForDeploymentPostprocessing = 0;
		};
		7B6E9F511B373D6800BC04DE /* Resources */ = {
			isa = PBXResourcesBuildPhase;
			buildActionMask = 2147483647;
			files = (
			);
			runOnlyForDeploymentPostprocessing = 0;
		};
/* End PBXResourcesBuildPhase section */

/* Begin PBXSourcesBuildPhase section */
		7B6E9F301B373D6800BC04DE /* Sources */ = {
			isa = PBXSourcesBuildPhase;
			buildActionMask = 2147483647;
			files = (
				7B6E9F431B373D6800BC04DE /* DataViewController.m in Sources */,
				7B6E9F3D1B373D6800BC04DE /* AppDelegate.m in Sources */,
				7B6E9F461B373D6800BC04DE /* ModelController.m in Sources */,
				7B6E9F3A1B373D6800BC04DE /* main.m in Sources */,
				7B6E9F401B373D6800BC04DE /* RootViewController.m in Sources */,
			);
			runOnlyForDeploymentPostprocessing = 0;
		};
		7B6E9F4F1B373D6800BC04DE /* Sources */ = {
			isa = PBXSourcesBuildPhase;
			buildActionMask = 2147483647;
			files = (
				7B6E9F5A1B373D6800BC04DE /* MultiplePageTestProgramTests.m in Sources */,
			);
			runOnlyForDeploymentPostprocessing = 0;
		};
/* End PBXSourcesBuildPhase section */

/* Begin PBXTargetDependency section */
		7B6E9F551B373D6800BC04DE /* PBXTargetDependency */ = {
			isa = PBXTargetDependency;
			target = 7B6E9F331B373D6800BC04DE /* MultiplePageTestProgram */;
			targetProxy = 7B6E9F541B373D6800BC04DE /* PBXContainerItemProxy */;
		};
/* End PBXTargetDependency section */

/* Begin PBXVariantGroup section */
		7B6E9F471B373D6800BC04DE /* Main.storyboard */ = {
			isa = PBXVariantGroup;
			children = (
				7B6E9F481B373D6800BC04DE /* Base */,
			);
			name = Main.storyboard;
			sourceTree = "<group>";
		};
		7B6E9F4C1B373D6800BC04DE /* LaunchScreen.xib */ = {
			isa = PBXVariantGroup;
			children = (
				7B6E9F4D1B373D6800BC04DE /* Base */,
			);
			name = LaunchScreen.xib;
			sourceTree = "<group>";
		};
/* End PBXVariantGroup section */

/* Begin XCBuildConfiguration section */
		7B6E9F5B1B373D6800BC04DE /* Debug */ = {
			isa = XCBuildConfiguration;
			buildSettings = {
				ALWAYS_SEARCH_USER_PATHS = NO;
				CLANG_CXX_LANGUAGE_STANDARD = "gnu++0x";
				CLANG_CXX_LIBRARY = "libc++";
				CLANG_ENABLE_MODULES = YES;
				CLANG_ENABLE_OBJC_ARC = YES;
				CLANG_WARN_BOOL_CONVERSION = YES;
				CLANG_WARN_CONSTANT_CONVERSION = YES;
				CLANG_WARN_DIRECT_OBJC_ISA_USAGE = YES_ERROR;
				CLANG_WARN_EMPTY_BODY = YES;
				CLANG_WARN_ENUM_CONVERSION = YES;
				CLANG_WARN_INT_CONVERSION = YES;
				CLANG_WARN_OBJC_ROOT_CLASS = YES_ERROR;
				CLANG_WARN_UNREACHABLE_CODE = YES;
				CLANG_WARN__DUPLICATE_METHOD_MATCH = YES;
				"CODE_SIGN_IDENTITY[sdk=iphoneos*]" = "iPhone Developer";
				COPY_PHASE_STRIP = NO;
				DEBUG_INFORMATION_FORMAT = "dwarf-with-dsym";
				ENABLE_STRICT_OBJC_MSGSEND = YES;
				GCC_C_LANGUAGE_STANDARD = gnu99;
				GCC_DYNAMIC_NO_PIC = NO;
				GCC_NO_COMMON_BLOCKS = YES;
				GCC_OPTIMIZATION_LEVEL = 0;
				GCC_PREPROCESSOR_DEFINITIONS = (
					"DEBUG=1",
					"$(inherited)",
				);
				GCC_SYMBOLS_PRIVATE_EXTERN = NO;
				GCC_WARN_64_TO_32_BIT_CONVERSION = YES;
				GCC_WARN_ABOUT_RETURN_TYPE = YES_ERROR;
				GCC_WARN_UNDECLARED_SELECTOR = YES;
				GCC_WARN_UNINITIALIZED_AUTOS = YES_AGGRESSIVE;
				GCC_WARN_UNUSED_FUNCTION = YES;
				GCC_WARN_UNUSED_VARIABLE = YES;
				IPHONEOS_DEPLOYMENT_TARGET = 8.3;
				MTL_ENABLE_DEBUG_INFO = YES;
				ONLY_ACTIVE_ARCH = YES;
				SDKROOT = iphoneos;
				TARGETED_DEVICE_FAMILY = "1,2";
			};
			name = Debug;
		};
		7B6E9F5C1B373D6800BC04DE /* Release */ = {
			isa = XCBuildConfiguration;
			buildSettings = {
				ALWAYS_SEARCH_USER_PATHS = NO;
				CLANG_CXX_LANGUAGE_STANDARD = "gnu++0x";
				CLANG_CXX_LIBRARY = "libc++";
				CLANG_ENABLE_MODULES = YES;
				CLANG_ENABLE_OBJC_ARC = YES;
				CLANG_WARN_BOOL_CONVERSION = YES;
				CLANG_WARN_CONSTANT_CONVERSION = YES;
				CLANG_WARN_DIRECT_OBJC_ISA_USAGE = YES_ERROR;
				CLANG_WARN_EMPTY_BODY = YES;
				CLANG_WARN_ENUM_CONVERSION = YES;
				CLANG_WARN_INT_CONVERSION = YES;
				CLANG_WARN_OBJC_ROOT_CLASS = YES_ERROR;
				CLANG_WARN_UNREACHABLE_CODE = YES;
				CLANG_WARN__DUPLICATE_METHOD_MATCH = YES;
				"CODE_SIGN_IDENTITY[sdk=iphoneos*]" = "iPhone Developer";
				COPY_PHASE_STRIP = NO;
				DEBUG_INFORMATION_FORMAT = "dwarf-with-dsym";
				ENABLE_NS_ASSERTIONS = NO;
				ENABLE_STRICT_OBJC_MSGSEND = YES;
				GCC_C_LANGUAGE_STANDARD = gnu99;
				GCC_NO_COMMON_BLOCKS = YES;
				GCC_WARN_64_TO_32_BIT_CONVERSION = YES;
				GCC_WARN_ABOUT_RETURN_TYPE = YES_ERROR;
				GCC_WARN_UNDECLARED_SELECTOR = YES;
				GCC_WARN_UNINITIALIZED_AUTOS = YES_AGGRESSIVE;
				GCC_WARN_UNUSED_FUNCTION = YES;
				GCC_WARN_UNUSED_VARIABLE = YES;
				IPHONEOS_DEPLOYMENT_TARGET = 8.3;
				MTL_ENABLE_DEBUG_INFO = NO;
				SDKROOT = iphoneos;
				TARGETED_DEVICE_FAMILY = "1,2";
				VALIDATE_PRODUCT = YES;
			};
			name = Release;
		};
		7B6E9F5E1B373D6800BC04DE /* Debug */ = {
			isa = XCBuildConfiguration;
			buildSettings = {
				ASSETCATALOG_COMPILER_APPICON_NAME = AppIcon;
				INFOPLIST_FILE = MultiplePageTestProgram/Info.plist;
				LD_RUNPATH_SEARCH_PATHS = "$(inherited) @executable_path/Frameworks";
				PRODUCT_NAME = "$(TARGET_NAME)";
			};
			name = Debug;
		};
		7B6E9F5F1B373D6800BC04DE /* Release */ = {
			isa = XCBuildConfiguration;
			buildSettings = {
				ASSETCATALOG_COMPILER_APPICON_NAME = AppIcon;
				INFOPLIST_FILE = MultiplePageTestProgram/Info.plist;
				LD_RUNPATH_SEARCH_PATHS = "$(inherited) @executable_path/Frameworks";
				PRODUCT_NAME = "$(TARGET_NAME)";
			};
			name = Release;
		};
		7B6E9F611B373D6800BC04DE /* Debug */ = {
			isa = XCBuildConfiguration;
			buildSettings = {
				BUNDLE_LOADER = "$(TEST_HOST)";
				FRAMEWORK_SEARCH_PATHS = (
					"$(SDKROOT)/Developer/Library/Frameworks",
					"$(inherited)",
				);
				GCC_PREPROCESSOR_DEFINITIONS = (
					"DEBUG=1",
					"$(inherited)",
				);
				INFOPLIST_FILE = MultiplePageTestProgramTests/Info.plist;
				LD_RUNPATH_SEARCH_PATHS = "$(inherited) @executable_path/Frameworks @loader_path/Frameworks";
				PRODUCT_NAME = "$(TARGET_NAME)";
				TEST_HOST = "$(BUILT_PRODUCTS_DIR)/MultiplePageTestProgram.app/MultiplePageTestProgram";
			};
			name = Debug;
		};
		7B6E9F621B373D6800BC04DE /* Release */ = {
			isa = XCBuildConfiguration;
			buildSettings = {
				BUNDLE_LOADER = "$(TEST_HOST)";
				FRAMEWORK_SEARCH_PATHS = (
					"$(SDKROOT)/Developer/Library/Frameworks",
					"$(inherited)",
				);
				INFOPLIST_FILE = MultiplePageTestProgramTests/Info.plist;
				LD_RUNPATH_SEARCH_PATHS = "$(inherited) @executable_path/Frameworks @loader_path/Frameworks";
				PRODUCT_NAME = "$(TARGET_NAME)";
				TEST_HOST = "$(BUILT_PRODUCTS_DIR)/MultiplePageTestProgram.app/MultiplePageTestProgram";
			};
			name = Release;
		};
/* End XCBuildConfiguration section */

/* Begin XCConfigurationList section */
		7B6E9F2F1B373D6800BC04DE /* Build configuration list for PBXProject "MultiplePageTestProgram" */ = {
			isa = XCConfigurationList;
			buildConfigurations = (
				7B6E9F5B1B373D6800BC04DE /* Debug */,
				7B6E9F5C1B373D6800BC04DE /* Release */,
			);
			defaultConfigurationIsVisible = 0;
			defaultConfigurationName = Release;
		};
		7B6E9F5D1B373D6800BC04DE /* Build configuration list for PBXNativeTarget "MultiplePageTestProgram" */ = {
			isa = XCConfigurationList;
			buildConfigurations = (
				7B6E9F5E1B373D6800BC04DE /* Debug */,
				7B6E9F5F1B373D6800BC04DE /* Release */,
			);
			defaultConfigurationIsVisible = 0;
		};
		7B6E9F601B373D6800BC04DE /* Build configuration list for PBXNativeTarget "MultiplePageTestProgramTests" */ = {
			isa = XCConfigurationList;
			buildConfigurations = (
				7B6E9F611B373D6800BC04DE /* Debug */,
				7B6E9F621B373D6800BC04DE /* Release */,
			);
			defaultConfigurationIsVisible = 0;
		};
/* End XCConfigurationList section */
	};
	rootObject = 7B6E9F2C1B373D6800BC04DE /* Project object */;
}
